PODS:
  - IQKeyboardManagerSwift (4.0.7)
  - JTCalendar (2.1.9)
  - Realm (2.0.1):
    - Realm/Headers (= 2.0.1)
  - Realm/Headers (2.0.1)
  - RealmSwift (2.0.1):
    - Realm (= 2.0.1)

DEPENDENCIES:
  - IQKeyboardManagerSwift
  - JTCalendar (~> 2.0)
  - RealmSwift

SPEC CHECKSUMS:
  IQKeyboardManagerSwift: 58bbcf46b5cf9fd4ed625d28a60cb2fbae4ab0f4
  JTCalendar: beb2f4c1b639bf6880f680b4858227acf83a049c
  Realm: 0557ee0e4ab4f0936c90e370056d1ed6265f93d6
  RealmSwift: 64e00af79bdcd7d2a7a23fdc1cb3faf22b80ae4c

PODFILE CHECKSUM: 31f2f99ea487c1460186cabde92dfde2bd1ff63f

COCOAPODS: 1.0.0
